
Microsoft Visual Studio Solution File, Format Version 12.00
# Visual Studio Version 17
VisualStudioVersion = 17.14.36804.6 d17.14
MinimumVisualStudioVersion = 10.0.40219.1
Project("{FAE04EC0-301F-11D3-BF4B-00C04F79EFBC}") = "StudentManagementSystem", "StudentManagementSystem.csproj", "{DAF51A37-CE4B-4793-A0C1-CDFD0E1CE910}"
EndProject
Global
	GlobalSection(SolutionConfigurationPlatforms) = preSolution
		Debug|Any CPU = Debug|Any CPU
		Release|Any CPU = Release|Any CPU
	EndGlobalSection
	GlobalSection(ProjectConfigurationPlatforms) = postSolution
		{DAF51A37-CE4B-4793-A0C1-CDFD0E1CE910}.Debug|Any CPU.ActiveCfg = Debug|Any CPU
		{DAF51A37-CE4B-4793-A0C1-CDFD0E1CE910}.Debug|Any CPU.Build.0 = Debug|Any CPU
		{DAF51A37-CE4B-4793-A0C1-CDFD0E1CE910}.Release|Any CPU.ActiveCfg = Release|Any CPU
		{DAF51A37-CE4B-4793-A0C1-CDFD0E1CE910}.Release|Any CPU.Build.0 = Release|Any CPU
	EndGlobalSection
	GlobalSection(SolutionProperties) = preSolution
		HideSolutionNode = FALSE
	EndGlobalSection
	GlobalSection(ExtensibilityGlobals) = postSolution
		SolutionGuid = {FDA3C85B-8242-4A6A-BBEA-6A756449270F}
	EndGlobalSection
EndGlobal
